
Microsoft Visual Studio Solution File, Format Version 12.00
# Visual Studio Version 16
VisualStudioVersion = 16.0.28803.156
MinimumVisualStudioVersion = 10.0.40219.1
Project("{FAE04EC0-301F-11D3-BF4B-00C04F79EFBC}") = "DartScoreboard", "DartScoreboard\DartScoreboard.csproj", "{268C188F-A8CB-4825-872C-3BDEA653FA83}"
EndProject
Global
	GlobalSection(SolutionConfigurationPlatforms) = preSolution
		Debug|Any CPU = Debug|Any CPU
		Release|Any CPU = Release|Any CPU
	EndGlobalSection
	GlobalSection(ProjectConfigurationPlatforms) = postSolution
		{268C188F-A8CB-4825-872C-3BDEA653FA83}.Debug|Any CPU.ActiveCfg = Debug|Any CPU
		{268C188F-A8CB-4825-872C-3BDEA653FA83}.Debug|Any CPU.Build.0 = Debug|Any CPU
		{268C188F-A8CB-4825-872C-3BDEA653FA83}.Release|Any CPU.ActiveCfg = Release|Any CPU
		{268C188F-A8CB-4825-872C-3BDEA653FA83}.Release|Any CPU.Build.0 = Release|Any CPU
	EndGlobalSection
	GlobalSection(SolutionProperties) = preSolution
		HideSolutionNode = FALSE
	EndGlobalSection
	GlobalSection(ExtensibilityGlobals) = postSolution
		SolutionGuid = {8E2822D5-8A6B-407F-A634-80A5024A1E55}
	EndGlobalSection
EndGlobal
